{
  "name": "ractive-diff-generator",
  "version": "2.2.0",
  "lockfileVersion": 1,
  "requires": true,
  "dependencies": {
    "amdefine": {
      "version": "http://127.0.0.1:5080/tarballs/amdefine/1.0.0.tgz",
      "integrity": "sha1-/RdHRwDLXMnCtwnwvp0jzjwZjDM=",
      "dev": true,
      "optional": true
    },
    "balanced-match": {
      "version": "http://127.0.0.1:5080/tarballs/balanced-match/0.3.0.tgz",
      "integrity": "sha1-qRzdHr7xqGZZ5w/03vAWJfwtZ1Y=",
      "dev": true
    },
    "brace-expansion": {
      "version": "http://127.0.0.1:5080/tarballs/brace-expansion/1.1.3.tgz",
      "integrity": "sha1-Rr/1ARXUf8mriYVKu4fZgHihCZE=",
      "dev": true,
      "requires": {
        "balanced-match": "http://127.0.0.1:5080/tarballs/balanced-match/0.3.0.tgz",
        "concat-map": "http://127.0.0.1:5080/tarballs/concat-map/0.0.1.tgz"
      }
    },
    "concat-map": {
      "version": "http://127.0.0.1:5080/tarballs/concat-map/0.0.1.tgz",
      "integrity": "sha1-2Klr13/Wjfd5OnMDajug1UBdR3s=",
      "dev": true
    },
    "deep-equal": {
      "version": "http://127.0.0.1:5080/tarballs/deep-equal/1.0.1.tgz",
      "integrity": "sha1-9dJgKStmDghO/0zbyfCK0yR0SLU=",
      "dev": true
    },
    "deep-is": {
      "version": "http://127.0.0.1:5080/tarballs/deep-is/0.1.3.tgz",
      "integrity": "sha1-s2nW+128E+7PUk+RsHD+7cNXzzQ=",
      "dev": true
    },
    "define-properties": {
      "version": "http://127.0.0.1:5080/tarballs/define-properties/1.1.2.tgz",
      "integrity": "sha1-g6c/L+pWmJj7c3GTyPhzyvbUXJQ=",
      "dev": true,
      "requires": {
        "foreach": "http://127.0.0.1:5080/tarballs/foreach/2.0.5.tgz",
        "object-keys": "http://127.0.0.1:5080/tarballs/object-keys/1.0.9.tgz"
      }
    },
    "defined": {
      "version": "http://127.0.0.1:5080/tarballs/defined/1.0.0.tgz",
      "integrity": "sha1-yY2bzvdWdBiOEQlpFRGZ45sfppM=",
      "dev": true
    },
    "es-abstract": {
      "version": "http://127.0.0.1:5080/tarballs/es-abstract/1.5.0.tgz",
      "integrity": "sha1-fDKeMVSJABjeg1KxuYBnPk+486o=",
      "dev": true,
      "requires": {
        "es-to-primitive": "http://127.0.0.1:5080/tarballs/es-to-primitive/1.1.1.tgz",
        "function-bind": "http://127.0.0.1:5080/tarballs/function-bind/1.1.0.tgz",
        "is-callable": "http://127.0.0.1:5080/tarballs/is-callable/1.1.3.tgz",
        "is-regex": "http://127.0.0.1:5080/tarballs/is-regex/1.0.3.tgz"
      }
    },
    "es-to-primitive": {
      "version": "http://127.0.0.1:5080/tarballs/es-to-primitive/1.1.1.tgz",
      "integrity": "sha1-RTVSSKiJeQNLZ5Lhm7gfK3l13Q0=",
      "dev": true,
      "requires": {
        "is-callable": "http://127.0.0.1:5080/tarballs/is-callable/1.1.3.tgz",
        "is-date-object": "http://127.0.0.1:5080/tarballs/is-date-object/1.0.1.tgz",
        "is-symbol": "http://127.0.0.1:5080/tarballs/is-symbol/1.0.1.tgz"
      }
    },
    "escodegen": {
      "version": "http://127.0.0.1:5080/tarballs/escodegen/1.8.0.tgz",
      "integrity": "sha1-skaq6CnOc9WeLFVyc1nt0cEwqBs=",
      "dev": true,
      "requires": {
        "esprima": "http://127.0.0.1:5080/tarballs/esprima/2.7.2.tgz",
        "estraverse": "http://127.0.0.1:5080/tarballs/estraverse/1.9.3.tgz",
        "esutils": "http://127.0.0.1:5080/tarballs/esutils/2.0.2.tgz",
        "optionator": "http://127.0.0.1:5080/tarballs/optionator/0.8.1.tgz",
        "source-map": "http://127.0.0.1:5080/tarballs/source-map/0.2.0.tgz"
      },
      "dependencies": {
        "estraverse": {
          "version": "http://127.0.0.1:5080/tarballs/estraverse/1.9.3.tgz",
          "integrity": "sha1-r2fy3JIlgkFZUJJgkaQAXSnJu0Q=",
          "dev": true
        }
      }
    },
    "esprima": {
      "version": "http://127.0.0.1:5080/tarballs/esprima/2.7.2.tgz",
      "integrity": "sha1-9DvlQ2CZhOrkTJM6xjNSpq818zk=",
      "dev": true
    },
    "estraverse": {
      "version": "https://registry.npmjs.org/estraverse/-/estraverse-4.2.0.tgz",
      "integrity": "sha1-De4/7TH81GlhjOc0IJn8GvoL2xM=",
      "dev": true
    },
    "esutils": {
      "version": "http://127.0.0.1:5080/tarballs/esutils/2.0.2.tgz",
      "integrity": "sha1-Cr9PHKpbyx96nYrMbepPqqBLrJs=",
      "dev": true
    },
    "fast-levenshtein": {
      "version": "http://127.0.0.1:5080/tarballs/fast-levenshtein/1.1.3.tgz",
      "integrity": "sha1-KuezKrweYS2kik4ThJuIii9h5+k=",
      "dev": true
    },
    "foreach": {
      "version": "http://127.0.0.1:5080/tarballs/foreach/2.0.5.tgz",
      "integrity": "sha1-C+4AUBiusmDQo6865ljdATbsG5k=",
      "dev": true
    },
    "function-bind": {
      "version": "http://127.0.0.1:5080/tarballs/function-bind/1.1.0.tgz",
      "integrity": "sha1-FhdnFMgBeY5Ojyz391KUZ7tKV3E=",
      "dev": true
    },
    "glob": {
      "version": "http://127.0.0.1:5080/tarballs/glob/7.0.3.tgz",
      "integrity": "sha1-CqI1kxpKlqwT1g/6wvuHe9btT1g=",
      "dev": true,
      "requires": {
        "inflight": "http://127.0.0.1:5080/tarballs/inflight/1.0.4.tgz",
        "inherits": "http://127.0.0.1:5080/tarballs/inherits/2.0.1.tgz",
        "minimatch": "http://127.0.0.1:5080/tarballs/minimatch/3.0.0.tgz",
        "once": "http://127.0.0.1:5080/tarballs/once/1.3.3.tgz",
        "path-is-absolute": "http://127.0.0.1:5080/tarballs/path-is-absolute/1.0.0.tgz"
      }
    },
    "has": {
      "version": "http://127.0.0.1:5080/tarballs/has/1.0.1.tgz",
      "integrity": "sha1-hGFzP1OLCDfJNh45qauelwTcLyg=",
      "dev": true,
      "requires": {
        "function-bind": "http://127.0.0.1:5080/tarballs/function-bind/1.1.0.tgz"
      }
    },
    "inflight": {
      "version": "http://127.0.0.1:5080/tarballs/inflight/1.0.4.tgz",
      "integrity": "sha1-bLtFIevVHODsCpNr/XZX736bFyo=",
      "dev": true,
      "requires": {
        "once": "http://127.0.0.1:5080/tarballs/once/1.3.3.tgz",
        "wrappy": "http://127.0.0.1:5080/tarballs/wrappy/1.0.1.tgz"
      }
    },
    "inherits": {
      "version": "http://127.0.0.1:5080/tarballs/inherits/2.0.1.tgz",
      "integrity": "sha1-sX0I0ya0Qj5Wjv9xn5GwscvfafE=",
      "dev": true
    },
    "is-callable": {
      "version": "http://127.0.0.1:5080/tarballs/is-callable/1.1.3.tgz",
      "integrity": "sha1-hut1OSgF3cM69xySoO7fdO52BLI=",
      "dev": true
    },
    "is-date-object": {
      "version": "http://127.0.0.1:5080/tarballs/is-date-object/1.0.1.tgz",
      "integrity": "sha1-mqIOtq7rv/d/vTPnTKAbM1gdOhY=",
      "dev": true
    },
    "is-regex": {
      "version": "http://127.0.0.1:5080/tarballs/is-regex/1.0.3.tgz",
      "integrity": "sha1-DVUYK9358v3ieCIK7Dp1ZCyQhjc=",
      "dev": true
    },
    "is-symbol": {
      "version": "http://127.0.0.1:5080/tarballs/is-symbol/1.0.1.tgz",
      "integrity": "sha1-PMWfAAJRlLarLjjbrmaJJWtmBXI=",
      "dev": true
    },
    "jsmd": {
      "version": "http://127.0.0.1:5080/tarballs/jsmd/0.3.1.tgz",
      "integrity": "sha1-o9d78sq5fhUZDvGs9CmGJxmYilM=",
      "dev": true,
      "requires": {
        "escodegen": "http://127.0.0.1:5080/tarballs/escodegen/1.8.0.tgz",
        "esprima": "http://127.0.0.1:5080/tarballs/esprima/2.7.2.tgz",
        "estraverse": "https://registry.npmjs.org/estraverse/-/estraverse-4.2.0.tgz",
        "marked": "http://127.0.0.1:5080/tarballs/marked/0.3.5.tgz",
        "v8-argv": "git://github.com/jkroso/v8-argv.git#284f84379e292eb956a5e7b66fb953ec4974385e"
      }
    },
    "levn": {
      "version": "http://127.0.0.1:5080/tarballs/levn/0.3.0.tgz",
      "integrity": "sha1-OwmSTt+fCDwEkP3UwLxEIeBHZO4=",
      "dev": true,
      "requires": {
        "prelude-ls": "http://127.0.0.1:5080/tarballs/prelude-ls/1.1.2.tgz",
        "type-check": "http://127.0.0.1:5080/tarballs/type-check/0.3.2.tgz"
      }
    },
    "marked": {
      "version": "http://127.0.0.1:5080/tarballs/marked/0.3.5.tgz",
      "integrity": "sha1-QROhWsXXvKFYpargciRYe5+hW5Q=",
      "dev": true
    },
    "minimatch": {
      "version": "http://127.0.0.1:5080/tarballs/minimatch/3.0.0.tgz",
      "integrity": "sha1-UjYVelHk8ATBd/s8Un/33Xjw74M=",
      "dev": true,
      "requires": {
        "brace-expansion": "http://127.0.0.1:5080/tarballs/brace-expansion/1.1.3.tgz"
      }
    },
    "minimist": {
      "version": "http://127.0.0.1:5080/tarballs/minimist/1.2.0.tgz",
      "integrity": "sha1-o1AIsg9BOD7sH7kU9M1d95omQoQ=",
      "dev": true
    },
    "object-inspect": {
      "version": "http://127.0.0.1:5080/tarballs/object-inspect/1.1.0.tgz",
      "integrity": "sha1-NLymRKgPlPi6QaD50JhOr2Os8U0=",
      "dev": true
    },
    "object-keys": {
      "version": "http://127.0.0.1:5080/tarballs/object-keys/1.0.9.tgz",
      "integrity": "sha1-yrsSAtmnrym1Dt+s6AlLtG2l6iE=",
      "dev": true
    },
    "once": {
      "version": "http://127.0.0.1:5080/tarballs/once/1.3.3.tgz",
      "integrity": "sha1-suJhVXzkwxTsgwTz+oJmPkKXyiA=",
      "dev": true,
      "requires": {
        "wrappy": "http://127.0.0.1:5080/tarballs/wrappy/1.0.1.tgz"
      }
    },
    "optionator": {
      "version": "http://127.0.0.1:5080/tarballs/optionator/0.8.1.tgz",
      "integrity": "sha1-4xtJMs3V+4Yqiw0QvGPT7h7H14s=",
      "dev": true,
      "requires": {
        "deep-is": "http://127.0.0.1:5080/tarballs/deep-is/0.1.3.tgz",
        "fast-levenshtein": "http://127.0.0.1:5080/tarballs/fast-levenshtein/1.1.3.tgz",
        "levn": "http://127.0.0.1:5080/tarballs/levn/0.3.0.tgz",
        "prelude-ls": "http://127.0.0.1:5080/tarballs/prelude-ls/1.1.2.tgz",
        "type-check": "http://127.0.0.1:5080/tarballs/type-check/0.3.2.tgz",
        "wordwrap": "http://127.0.0.1:5080/tarballs/wordwrap/1.0.0.tgz"
      }
    },
    "path-is-absolute": {
      "version": "http://127.0.0.1:5080/tarballs/path-is-absolute/1.0.0.tgz",
      "integrity": "sha1-Jj2tpmqz8vsQv3+dJN2PPlcO+RI=",
      "dev": true
    },
    "prelude-ls": {
      "version": "http://127.0.0.1:5080/tarballs/prelude-ls/1.1.2.tgz",
      "integrity": "sha1-IZMqVJ9eUv/ZqCf1cOBL5iqX2lQ=",
      "dev": true
    },
    "ractive": {
      "version": "http://127.0.0.1:5080/tarballs/ractive/0.7.3.tgz",
      "integrity": "sha1-RHguX0nVsdj/1EL9uWSzW3HgEJs=",
      "dev": true
    },
    "resolve": {
      "version": "http://127.0.0.1:5080/tarballs/resolve/1.1.7.tgz",
      "integrity": "sha1-IDEU2CrSxe2ejgQRs5ModeiJ6Xs=",
      "dev": true
    },
    "resumer": {
      "version": "http://127.0.0.1:5080/tarballs/resumer/0.0.0.tgz",
      "integrity": "sha1-8ej0YeQGS6Oegq883CqMiT0HZ1k=",
      "dev": true,
      "requires": {
        "through": "http://127.0.0.1:5080/tarballs/through/2.3.8.tgz"
      }
    },
    "source-map": {
      "version": "http://127.0.0.1:5080/tarballs/source-map/0.2.0.tgz",
      "integrity": "sha1-2rc/vPwrqBm03gO9b26qSBZLP50=",
      "dev": true,
      "optional": true,
      "requires": {
        "amdefine": "http://127.0.0.1:5080/tarballs/amdefine/1.0.0.tgz"
      }
    },
    "string.prototype.trim": {
      "version": "http://127.0.0.1:5080/tarballs/string.prototype.trim/1.1.2.tgz",
      "integrity": "sha1-0E3iyJ4Tf019IG8Ia17S+ua+jOo=",
      "dev": true,
      "requires": {
        "define-properties": "http://127.0.0.1:5080/tarballs/define-properties/1.1.2.tgz",
        "es-abstract": "http://127.0.0.1:5080/tarballs/es-abstract/1.5.0.tgz",
        "function-bind": "http://127.0.0.1:5080/tarballs/function-bind/1.1.0.tgz"
      }
    },
    "tape": {
      "version": "http://127.0.0.1:5080/tarballs/tape/4.5.1.tgz",
      "integrity": "sha1-K7PqGb3J9SJSF7P5fL95hsxMbow=",
      "dev": true,
      "requires": {
        "deep-equal": "http://127.0.0.1:5080/tarballs/deep-equal/1.0.1.tgz",
        "defined": "http://127.0.0.1:5080/tarballs/defined/1.0.0.tgz",
        "function-bind": "http://127.0.0.1:5080/tarballs/function-bind/1.1.0.tgz",
        "glob": "http://127.0.0.1:5080/tarballs/glob/7.0.3.tgz",
        "has": "http://127.0.0.1:5080/tarballs/has/1.0.1.tgz",
        "inherits": "http://127.0.0.1:5080/tarballs/inherits/2.0.1.tgz",
        "minimist": "http://127.0.0.1:5080/tarballs/minimist/1.2.0.tgz",
        "object-inspect": "http://127.0.0.1:5080/tarballs/object-inspect/1.1.0.tgz",
        "resolve": "http://127.0.0.1:5080/tarballs/resolve/1.1.7.tgz",
        "resumer": "http://127.0.0.1:5080/tarballs/resumer/0.0.0.tgz",
        "string.prototype.trim": "http://127.0.0.1:5080/tarballs/string.prototype.trim/1.1.2.tgz",
        "through": "http://127.0.0.1:5080/tarballs/through/2.3.8.tgz"
      }
    },
    "tape-catch": {
      "version": "http://127.0.0.1:5080/tarballs/tape-catch/1.0.4.tgz",
      "integrity": "sha1-BGEv0qzn+SuYmF1FoHOM9tS9JN0=",
      "dev": true
    },
    "through": {
      "version": "http://127.0.0.1:5080/tarballs/through/2.3.8.tgz",
      "integrity": "sha1-DdTJ/6q8NXlgsbckEV1+Doai4fU=",
      "dev": true
    },
    "type-check": {
      "version": "http://127.0.0.1:5080/tarballs/type-check/0.3.2.tgz",
      "integrity": "sha1-WITKtRLPHTVeP7eE8wgEsrUg23I=",
      "dev": true,
      "requires": {
        "prelude-ls": "http://127.0.0.1:5080/tarballs/prelude-ls/1.1.2.tgz"
      }
    },
    "v8-argv": {
      "version": "git://github.com/jkroso/v8-argv.git#284f84379e292eb956a5e7b66fb953ec4974385e",
      "dev": true
    },
    "wordwrap": {
      "version": "http://127.0.0.1:5080/tarballs/wordwrap/1.0.0.tgz",
      "integrity": "sha1-J1hIEIkUVqQXHI0CJkQa3pDLyus=",
      "dev": true
    },
    "wrappy": {
      "version": "http://127.0.0.1:5080/tarballs/wrappy/1.0.1.tgz",
      "integrity": "sha1-HmWWmWXMvC20VIxrhKbyxa7dRzk=",
      "dev": true
    }
  }
}
